
Microsoft Visual Studio Solution File, Format Version 12.00
# Visual Studio 15
VisualStudioVersion = 15.0.28010.2048
MinimumVisualStudioVersion = 10.0.40219.1
Project("{8BC9CEB8-8B4A-11D0-8D11-00A0C91BC942}") = "Lesson2_Module2_klasswork", "Lesson2_Module2_klasswork\Lesson2_Module2_klasswork.vcxproj", "{238ACDD9-34D5-4A07-A255-AE9C44C21781}"
EndProject
Global
	GlobalSection(SolutionConfigurationPlatforms) = preSolution
		Debug|x64 = Debug|x64
		Debug|x86 = Debug|x86
		Release|x64 = Release|x64
		Release|x86 = Release|x86
	EndGlobalSection
	GlobalSection(ProjectConfigurationPlatforms) = postSolution
		{238ACDD9-34D5-4A07-A255-AE9C44C21781}.Debug|x64.ActiveCfg = Debug|x64
		{238ACDD9-34D5-4A07-A255-AE9C44C21781}.Debug|x64.Build.0 = Debug|x64
		{238ACDD9-34D5-4A07-A255-AE9C44C21781}.Debug|x86.ActiveCfg = Debug|Win32
		{238ACDD9-34D5-4A07-A255-AE9C44C21781}.Debug|x86.Build.0 = Debug|Win32
		{238ACDD9-34D5-4A07-A255-AE9C44C21781}.Release|x64.ActiveCfg = Release|x64
		{238ACDD9-34D5-4A07-A255-AE9C44C21781}.Release|x64.Build.0 = Release|x64
		{238ACDD9-34D5-4A07-A255-AE9C44C21781}.Release|x86.ActiveCfg = Release|Win32
		{238ACDD9-34D5-4A07-A255-AE9C44C21781}.Release|x86.Build.0 = Release|Win32
	EndGlobalSection
	GlobalSection(SolutionProperties) = preSolution
		HideSolutionNode = FALSE
	EndGlobalSection
	GlobalSection(ExtensibilityGlobals) = postSolution
		SolutionGuid = {CC2FBEBE-2308-4340-8E87-3329D80A192C}
	EndGlobalSection
EndGlobal
